
Microsoft Visual Studio Solution File, Format Version 12.00
# Visual Studio Version 16
VisualStudioVersion = 16.0.33529.622
MinimumVisualStudioVersion = 10.0.40219.1
Project("{9A19103F-16F7-4668-BE54-9A1E7A4F7556}") = "Festival-Hue-Tiecket", "Festival-Hue-Tiecket\Festival-Hue-Tiecket.csproj", "{A681A65D-9841-450B-923F-DB4980D90163}"
EndProject
Global
	GlobalSection(SolutionConfigurationPlatforms) = preSolution
		Debug|Any CPU = Debug|Any CPU
		Release|Any CPU = Release|Any CPU
	EndGlobalSection
	GlobalSection(ProjectConfigurationPlatforms) = postSolution
		{A681A65D-9841-450B-923F-DB4980D90163}.Debug|Any CPU.ActiveCfg = Debug|Any CPU
		{A681A65D-9841-450B-923F-DB4980D90163}.Debug|Any CPU.Build.0 = Debug|Any CPU
		{A681A65D-9841-450B-923F-DB4980D90163}.Release|Any CPU.ActiveCfg = Release|Any CPU
		{A681A65D-9841-450B-923F-DB4980D90163}.Release|Any CPU.Build.0 = Release|Any CPU
	EndGlobalSection
	GlobalSection(SolutionProperties) = preSolution
		HideSolutionNode = FALSE
	EndGlobalSection
	GlobalSection(ExtensibilityGlobals) = postSolution
		SolutionGuid = {973D9745-ACDA-4596-B55B-324767B55083}
	EndGlobalSection
EndGlobal
